
Microsoft Visual Studio Solution File, Format Version 12.00
# Visual Studio Version 16
VisualStudioVersion = 16.0.30413.136
MinimumVisualStudioVersion = 10.0.40219.1
Project("{9A19103F-16F7-4668-BE54-9A1E7A4F7556}") = "Involved.Cv.Host", "Involved.Cv.Host\Involved.Cv.Host.csproj", "{3E7BADC6-CCB9-49E6-837C-EBB41BBD22C3}"
EndProject
Project("{FAE04EC0-301F-11D3-BF4B-00C04F79EFBC}") = "Involved.Cv.Contracts", "Involved.Cv.Contracts\Involved.Cv.Contracts.csproj", "{BC711CEF-CE20-4395-ADDF-93794B0083A9}"
EndProject
Project("{FAE04EC0-301F-11D3-BF4B-00C04F79EFBC}") = "Involved.Cv.Database", "Involved.Cv.Database\Involved.Cv.Database.csproj", "{814DA920-0582-4D47-8C7F-C9220566D9D1}"
EndProject
Project("{FAE04EC0-301F-11D3-BF4B-00C04F79EFBC}") = "Involved.Cv.Domain", "Involved.Cv.Domain\Involved.Cv.Domain.csproj", "{096B72FF-B55B-4DAE-AD47-19954D0D53DC}"
EndProject
Project("{FAE04EC0-301F-11D3-BF4B-00C04F79EFBC}") = "Involved.Cv.Infrastructure", "Involved.Cv.Infrastructure\Involved.Cv.Infrastructure.csproj", "{8B0099B3-7EE3-41F6-92ED-81F9ED3202B4}"
EndProject
Project("{FAE04EC0-301F-11D3-BF4B-00C04F79EFBC}") = "Involved.Cv.Service", "Involved.Cv.Service\Involved.Cv.Service.csproj", "{42026507-7682-4C91-BFE8-50D08BFFC305}"
EndProject
Global
	GlobalSection(SolutionConfigurationPlatforms) = preSolution
		Debug|Any CPU = Debug|Any CPU
		Release|Any CPU = Release|Any CPU
	EndGlobalSection
	GlobalSection(ProjectConfigurationPlatforms) = postSolution
		{3E7BADC6-CCB9-49E6-837C-EBB41BBD22C3}.Debug|Any CPU.ActiveCfg = Debug|Any CPU
		{3E7BADC6-CCB9-49E6-837C-EBB41BBD22C3}.Debug|Any CPU.Build.0 = Debug|Any CPU
		{3E7BADC6-CCB9-49E6-837C-EBB41BBD22C3}.Release|Any CPU.ActiveCfg = Release|Any CPU
		{3E7BADC6-CCB9-49E6-837C-EBB41BBD22C3}.Release|Any CPU.Build.0 = Release|Any CPU
		{BC711CEF-CE20-4395-ADDF-93794B0083A9}.Debug|Any CPU.ActiveCfg = Debug|Any CPU
		{BC711CEF-CE20-4395-ADDF-93794B0083A9}.Debug|Any CPU.Build.0 = Debug|Any CPU
		{BC711CEF-CE20-4395-ADDF-93794B0083A9}.Release|Any CPU.ActiveCfg = Release|Any CPU
		{BC711CEF-CE20-4395-ADDF-93794B0083A9}.Release|Any CPU.Build.0 = Release|Any CPU
		{814DA920-0582-4D47-8C7F-C9220566D9D1}.Debug|Any CPU.ActiveCfg = Debug|Any CPU
		{814DA920-0582-4D47-8C7F-C9220566D9D1}.Debug|Any CPU.Build.0 = Debug|Any CPU
		{814DA920-0582-4D47-8C7F-C9220566D9D1}.Release|Any CPU.ActiveCfg = Release|Any CPU
		{814DA920-0582-4D47-8C7F-C9220566D9D1}.Release|Any CPU.Build.0 = Release|Any CPU
		{096B72FF-B55B-4DAE-AD47-19954D0D53DC}.Debug|Any CPU.ActiveCfg = Debug|Any CPU
		{096B72FF-B55B-4DAE-AD47-19954D0D53DC}.Debug|Any CPU.Build.0 = Debug|Any CPU
		{096B72FF-B55B-4DAE-AD47-19954D0D53DC}.Release|Any CPU.ActiveCfg = Release|Any CPU
		{096B72FF-B55B-4DAE-AD47-19954D0D53DC}.Release|Any CPU.Build.0 = Release|Any CPU
		{8B0099B3-7EE3-41F6-92ED-81F9ED3202B4}.Debug|Any CPU.ActiveCfg = Debug|Any CPU
		{8B0099B3-7EE3-41F6-92ED-81F9ED3202B4}.Debug|Any CPU.Build.0 = Debug|Any CPU
		{8B0099B3-7EE3-41F6-92ED-81F9ED3202B4}.Release|Any CPU.ActiveCfg = Release|Any CPU
		{8B0099B3-7EE3-41F6-92ED-81F9ED3202B4}.Release|Any CPU.Build.0 = Release|Any CPU
		{42026507-7682-4C91-BFE8-50D08BFFC305}.Debug|Any CPU.ActiveCfg = Debug|Any CPU
		{42026507-7682-4C91-BFE8-50D08BFFC305}.Debug|Any CPU.Build.0 = Debug|Any CPU
		{42026507-7682-4C91-BFE8-50D08BFFC305}.Release|Any CPU.ActiveCfg = Release|Any CPU
		{42026507-7682-4C91-BFE8-50D08BFFC305}.Release|Any CPU.Build.0 = Release|Any CPU
	EndGlobalSection
	GlobalSection(SolutionProperties) = preSolution
		HideSolutionNode = FALSE
	EndGlobalSection
	GlobalSection(ExtensibilityGlobals) = postSolution
		SolutionGuid = {06C4753B-D0E3-4BC2-ADBA-BAD9E6C94644}
	EndGlobalSection
EndGlobal
